
Microsoft Visual Studio Solution File, Format Version 12.00
# Visual Studio Version 16
VisualStudioVersion = 16.0.30011.22
MinimumVisualStudioVersion = 10.0.40219.1
Project("{FAE04EC0-301F-11D3-BF4B-00C04F79EFBC}") = "MyMonkeyApp.Android", "MyMonkeyApp\MyMonkeyApp.Android\MyMonkeyApp.Android.csproj", "{B63C51A0-F543-4FB9-AE41-7C6BF63DAEBC}"
EndProject
Project("{FAE04EC0-301F-11D3-BF4B-00C04F79EFBC}") = "MyMonkeyApp.iOS", "MyMonkeyApp\MyMonkeyApp.iOS\MyMonkeyApp.iOS.csproj", "{3D436BA3-77A7-4B81-8F9F-21A43039F2D2}"
EndProject
Project("{FAE04EC0-301F-11D3-BF4B-00C04F79EFBC}") = "MyMonkeyApp", "MyMonkeyApp\MyMonkeyApp\MyMonkeyApp.csproj", "{7779CB63-DAAC-40E3-B1E7-E5BDE9199B4B}"
EndProject
Global
	GlobalSection(SolutionConfigurationPlatforms) = preSolution
		Debug|Any CPU = Debug|Any CPU
		Debug|iPhone = Debug|iPhone
		Debug|iPhoneSimulator = Debug|iPhoneSimulator
		Release|Any CPU = Release|Any CPU
		Release|iPhone = Release|iPhone
		Release|iPhoneSimulator = Release|iPhoneSimulator
	EndGlobalSection
	GlobalSection(ProjectConfigurationPlatforms) = postSolution
		{B63C51A0-F543-4FB9-AE41-7C6BF63DAEBC}.Debug|Any CPU.ActiveCfg = Debug|Any CPU
		{B63C51A0-F543-4FB9-AE41-7C6BF63DAEBC}.Debug|Any CPU.Build.0 = Debug|Any CPU
		{B63C51A0-F543-4FB9-AE41-7C6BF63DAEBC}.Debug|Any CPU.Deploy.0 = Debug|Any CPU
		{B63C51A0-F543-4FB9-AE41-7C6BF63DAEBC}.Debug|iPhone.ActiveCfg = Debug|Any CPU
		{B63C51A0-F543-4FB9-AE41-7C6BF63DAEBC}.Debug|iPhone.Build.0 = Debug|Any CPU
		{B63C51A0-F543-4FB9-AE41-7C6BF63DAEBC}.Debug|iPhone.Deploy.0 = Debug|Any CPU
		{B63C51A0-F543-4FB9-AE41-7C6BF63DAEBC}.Debug|iPhoneSimulator.ActiveCfg = Debug|Any CPU
		{B63C51A0-F543-4FB9-AE41-7C6BF63DAEBC}.Debug|iPhoneSimulator.Build.0 = Debug|Any CPU
		{B63C51A0-F543-4FB9-AE41-7C6BF63DAEBC}.Debug|iPhoneSimulator.Deploy.0 = Debug|Any CPU
		{B63C51A0-F543-4FB9-AE41-7C6BF63DAEBC}.Release|Any CPU.ActiveCfg = Release|Any CPU
		{B63C51A0-F543-4FB9-AE41-7C6BF63DAEBC}.Release|Any CPU.Build.0 = Release|Any CPU
		{B63C51A0-F543-4FB9-AE41-7C6BF63DAEBC}.Release|Any CPU.Deploy.0 = Release|Any CPU
		{B63C51A0-F543-4FB9-AE41-7C6BF63DAEBC}.Release|iPhone.ActiveCfg = Release|Any CPU
		{B63C51A0-F543-4FB9-AE41-7C6BF63DAEBC}.Release|iPhone.Build.0 = Release|Any CPU
		{B63C51A0-F543-4FB9-AE41-7C6BF63DAEBC}.Release|iPhone.Deploy.0 = Release|Any CPU
		{B63C51A0-F543-4FB9-AE41-7C6BF63DAEBC}.Release|iPhoneSimulator.ActiveCfg = Release|Any CPU
		{B63C51A0-F543-4FB9-AE41-7C6BF63DAEBC}.Release|iPhoneSimulator.Build.0 = Release|Any CPU
		{B63C51A0-F543-4FB9-AE41-7C6BF63DAEBC}.Release|iPhoneSimulator.Deploy.0 = Release|Any CPU
		{3D436BA3-77A7-4B81-8F9F-21A43039F2D2}.Debug|Any CPU.ActiveCfg = Debug|iPhone
		{3D436BA3-77A7-4B81-8F9F-21A43039F2D2}.Debug|Any CPU.Build.0 = Debug|iPhone
		{3D436BA3-77A7-4B81-8F9F-21A43039F2D2}.Debug|Any CPU.Deploy.0 = Debug|iPhone
		{3D436BA3-77A7-4B81-8F9F-21A43039F2D2}.Debug|iPhone.ActiveCfg = Debug|iPhone
		{3D436BA3-77A7-4B81-8F9F-21A43039F2D2}.Debug|iPhone.Build.0 = Debug|iPhone
		{3D436BA3-77A7-4B81-8F9F-21A43039F2D2}.Debug|iPhone.Deploy.0 = Debug|iPhone
		{3D436BA3-77A7-4B81-8F9F-21A43039F2D2}.Debug|iPhoneSimulator.ActiveCfg = Debug|iPhoneSimulator
		{3D436BA3-77A7-4B81-8F9F-21A43039F2D2}.Debug|iPhoneSimulator.Build.0 = Debug|iPhoneSimulator
		{3D436BA3-77A7-4B81-8F9F-21A43039F2D2}.Debug|iPhoneSimulator.Deploy.0 = Debug|iPhoneSimulator
		{3D436BA3-77A7-4B81-8F9F-21A43039F2D2}.Release|Any CPU.ActiveCfg = Release|iPhone
		{3D436BA3-77A7-4B81-8F9F-21A43039F2D2}.Release|Any CPU.Build.0 = Release|iPhone
		{3D436BA3-77A7-4B81-8F9F-21A43039F2D2}.Release|Any CPU.Deploy.0 = Release|iPhone
		{3D436BA3-77A7-4B81-8F9F-21A43039F2D2}.Release|iPhone.ActiveCfg = Release|iPhone
		{3D436BA3-77A7-4B81-8F9F-21A43039F2D2}.Release|iPhone.Build.0 = Release|iPhone
		{3D436BA3-77A7-4B81-8F9F-21A43039F2D2}.Release|iPhone.Deploy.0 = Release|iPhone
		{3D436BA3-77A7-4B81-8F9F-21A43039F2D2}.Release|iPhoneSimulator.ActiveCfg = Release|iPhoneSimulator
		{3D436BA3-77A7-4B81-8F9F-21A43039F2D2}.Release|iPhoneSimulator.Build.0 = Release|iPhoneSimulator
		{3D436BA3-77A7-4B81-8F9F-21A43039F2D2}.Release|iPhoneSimulator.Deploy.0 = Release|iPhoneSimulator
		{7779CB63-DAAC-40E3-B1E7-E5BDE9199B4B}.Debug|Any CPU.ActiveCfg = Debug|Any CPU
		{7779CB63-DAAC-40E3-B1E7-E5BDE9199B4B}.Debug|Any CPU.Build.0 = Debug|Any CPU
		{7779CB63-DAAC-40E3-B1E7-E5BDE9199B4B}.Debug|Any CPU.Deploy.0 = Debug|Any CPU
		{7779CB63-DAAC-40E3-B1E7-E5BDE9199B4B}.Debug|iPhone.ActiveCfg = Debug|Any CPU
		{7779CB63-DAAC-40E3-B1E7-E5BDE9199B4B}.Debug|iPhone.Build.0 = Debug|Any CPU
		{7779CB63-DAAC-40E3-B1E7-E5BDE9199B4B}.Debug|iPhone.Deploy.0 = Debug|Any CPU
		{7779CB63-DAAC-40E3-B1E7-E5BDE9199B4B}.Debug|iPhoneSimulator.ActiveCfg = Debug|Any CPU
		{7779CB63-DAAC-40E3-B1E7-E5BDE9199B4B}.Debug|iPhoneSimulator.Build.0 = Debug|Any CPU
		{7779CB63-DAAC-40E3-B1E7-E5BDE9199B4B}.Debug|iPhoneSimulator.Deploy.0 = Debug|Any CPU
		{7779CB63-DAAC-40E3-B1E7-E5BDE9199B4B}.Release|Any CPU.ActiveCfg = Release|Any CPU
		{7779CB63-DAAC-40E3-B1E7-E5BDE9199B4B}.Release|Any CPU.Build.0 = Release|Any CPU
		{7779CB63-DAAC-40E3-B1E7-E5BDE9199B4B}.Release|Any CPU.Deploy.0 = Release|Any CPU
		{7779CB63-DAAC-40E3-B1E7-E5BDE9199B4B}.Release|iPhone.ActiveCfg = Release|Any CPU
		{7779CB63-DAAC-40E3-B1E7-E5BDE9199B4B}.Release|iPhone.Build.0 = Release|Any CPU
		{7779CB63-DAAC-40E3-B1E7-E5BDE9199B4B}.Release|iPhone.Deploy.0 = Release|Any CPU
		{7779CB63-DAAC-40E3-B1E7-E5BDE9199B4B}.Release|iPhoneSimulator.ActiveCfg = Release|Any CPU
		{7779CB63-DAAC-40E3-B1E7-E5BDE9199B4B}.Release|iPhoneSimulator.Build.0 = Release|Any CPU
		{7779CB63-DAAC-40E3-B1E7-E5BDE9199B4B}.Release|iPhoneSimulator.Deploy.0 = Release|Any CPU
	EndGlobalSection
	GlobalSection(SolutionProperties) = preSolution
		HideSolutionNode = FALSE
	EndGlobalSection
	GlobalSection(ExtensibilityGlobals) = postSolution
		SolutionGuid = {B4C572C5-0799-4791-B5E7-A644DED8E5F2}
	EndGlobalSection
EndGlobal
